
Microsoft Visual Studio Solution File, Format Version 12.00
# Visual Studio Version 17
VisualStudioVersion = 17.7.34031.279
MinimumVisualStudioVersion = 10.0.40219.1
Project("{FAE04EC0-301F-11D3-BF4B-00C04F79EFBC}") = "Github_Practice_2_StephanieLopez", "Github_Practice_2_StephanieLopez.csproj", "{C9A14406-F5B5-4368-8144-4551F6ECC75A}"
EndProject
Global
	GlobalSection(SolutionConfigurationPlatforms) = preSolution
		Debug|Any CPU = Debug|Any CPU
		Release|Any CPU = Release|Any CPU
	EndGlobalSection
	GlobalSection(ProjectConfigurationPlatforms) = postSolution
		{C9A14406-F5B5-4368-8144-4551F6ECC75A}.Debug|Any CPU.ActiveCfg = Debug|Any CPU
		{C9A14406-F5B5-4368-8144-4551F6ECC75A}.Debug|Any CPU.Build.0 = Debug|Any CPU
		{C9A14406-F5B5-4368-8144-4551F6ECC75A}.Release|Any CPU.ActiveCfg = Release|Any CPU
		{C9A14406-F5B5-4368-8144-4551F6ECC75A}.Release|Any CPU.Build.0 = Release|Any CPU
	EndGlobalSection
	GlobalSection(SolutionProperties) = preSolution
		HideSolutionNode = FALSE
	EndGlobalSection
	GlobalSection(ExtensibilityGlobals) = postSolution
		SolutionGuid = {5212F7F3-89FC-4B7F-B356-5837CFE589B5}
	EndGlobalSection
EndGlobal
